{
  "name": "ImageArchive",
  "lockfileVersion": 2,
  "requires": true,
  "packages": {
    "": {
      "dependencies": {
        "windows-shortcuts": "^0.1.6"
      }
    },
    "node_modules/windows-shortcuts": {
      "version": "0.1.6",
      "resolved": "https://mirrors.cloud.tencent.com/npm/windows-shortcuts/-/windows-shortcuts-0.1.6.tgz",
      "integrity": "sha512-kjkb3Hmmmg7jwnOb+29AOmoEEA1L/JeLsMOYovpLxYpuc+fN0R+pr8sMwep3JFhUZloxyw1XTzq8n3HugXkqBA=="
    }
  },
  "dependencies": {
    "windows-shortcuts": {
      "version": "0.1.6",
      "resolved": "https://mirrors.cloud.tencent.com/npm/windows-shortcuts/-/windows-shortcuts-0.1.6.tgz",
      "integrity": "sha512-kjkb3Hmmmg7jwnOb+29AOmoEEA1L/JeLsMOYovpLxYpuc+fN0R+pr8sMwep3JFhUZloxyw1XTzq8n3HugXkqBA=="
    }
  }
}
